// !$*UTF8*$!
{
	archiveVersion = 1;
	classes = {
	};
	objectVersion = 46;
	objects = {

/* Begin PBXBuildFile section */
		8010D21C1C518BCC000DC8F4 /* MemeTableViewController.swift in Sources */ = {isa = PBXBuildFile; fileRef = 8010D21B1C518BCC000DC8F4 /* MemeTableViewController.swift */; };
		8010D21E1C518FDE000DC8F4 /* MemeDetailViewController.swift in Sources */ = {isa = PBXBuildFile; fileRef = 8010D21D1C518FDE000DC8F4 /* MemeDetailViewController.swift */; };
		8010D2201C519A59000DC8F4 /* MemeCollectionViewController.swift in Sources */ = {isa = PBXBuildFile; fileRef = 8010D21F1C519A59000DC8F4 /* MemeCollectionViewController.swift */; };
		8010D2221C519A84000DC8F4 /* MemeCollectionViewCell.swift in Sources */ = {isa = PBXBuildFile; fileRef = 8010D2211C519A84000DC8F4 /* MemeCollectionViewCell.swift */; };
		8010D2241C51BDF8000DC8F4 /* MemeTableViewCell.swift in Sources */ = {isa = PBXBuildFile; fileRef = 8010D2231C51BDF8000DC8F4 /* MemeTableViewCell.swift */; };
		8052CC671BE04FA7003B28D9 /* AppDelegate.swift in Sources */ = {isa = PBXBuildFile; fileRef = 8052CC661BE04FA7003B28D9 /* AppDelegate.swift */; };
		8052CC6C1BE04FA7003B28D9 /* Main.storyboard in Resources */ = {isa = PBXBuildFile; fileRef = 8052CC6A1BE04FA7003B28D9 /* Main.storyboard */; };
		8052CC6E1BE04FA7003B28D9 /* Assets.xcassets in Resources */ = {isa = PBXBuildFile; fileRef = 8052CC6D1BE04FA7003B28D9 /* Assets.xcassets */; };
		8052CC711BE04FA7003B28D9 /* LaunchScreen.storyboard in Resources */ = {isa = PBXBuildFile; fileRef = 8052CC6F1BE04FA7003B28D9 /* LaunchScreen.storyboard */; };
		8052CC7C1BE04FA7003B28D9 /* MemeMeTests.swift in Sources */ = {isa = PBXBuildFile; fileRef = 8052CC7B1BE04FA7003B28D9 /* MemeMeTests.swift */; };
		8052CC871BE04FA7003B28D9 /* MemeMeUITests.swift in Sources */ = {isa = PBXBuildFile; fileRef = 8052CC861BE04FA7003B28D9 /* MemeMeUITests.swift */; };
		8052CC951BE0527C003B28D9 /* MainViewController.swift in Sources */ = {isa = PBXBuildFile; fileRef = 8052CC941BE0527C003B28D9 /* MainViewController.swift */; };
		80DCFB711BE4314F00CAE752 /* Meme.swift in Sources */ = {isa = PBXBuildFile; fileRef = 80DCFB701BE4314F00CAE752 /* Meme.swift */; };
		80DCFB731BE4387D00CAE752 /* TextDelegate.swift in Sources */ = {isa = PBXBuildFile; fileRef = 80DCFB721BE4387D00CAE752 /* TextDelegate.swift */; };
/* End PBXBuildFile section */

/* Begin PBXContainerItemProxy section */
		8052CC781BE04FA7003B28D9 /* PBXContainerItemProxy */ = {
			isa = PBXContainerItemProxy;
			containerPortal = 8052CC5B1BE04FA7003B28D9 /* Project object */;
			proxyType = 1;
			remoteGlobalIDString = 8052CC621BE04FA7003B28D9;
			remoteInfo = MemeMe;
		};
		8052CC831BE04FA7003B28D9 /* PBXContainerItemProxy */ = {
			isa = PBXContainerItemProxy;
			containerPortal = 8052CC5B1BE04FA7003B28D9 /* Project object */;
			proxyType = 1;
			remoteGlobalIDString = 8052CC621BE04FA7003B28D9;
			remoteInfo = MemeMe;
		};
/* End PBXContainerItemProxy section */

/* Begin PBXFileReference section */
		8010D21B1C518BCC000DC8F4 /* MemeTableViewController.swift */ = {isa = PBXFileReference; fileEncoding = 4; lastKnownFileType = sourcecode.swift; path = MemeTableViewController.swift; sourceTree = "<group>"; };
		8010D21D1C518FDE000DC8F4 /* MemeDetailViewController.swift */ = {isa = PBXFileReference; fileEncoding = 4; lastKnownFileType = sourcecode.swift; path = MemeDetailViewController.swift; sourceTree = "<group>"; };
		8010D21F1C519A59000DC8F4 /* MemeCollectionViewController.swift */ = {isa = PBXFileReference; fileEncoding = 4; lastKnownFileType = sourcecode.swift; path = MemeCollectionViewController.swift; sourceTree = "<group>"; };
		8010D2211C519A84000DC8F4 /* MemeCollectionViewCell.swift */ = {isa = PBXFileReference; fileEncoding = 4; lastKnownFileType = sourcecode.swift; path = MemeCollectionViewCell.swift; sourceTree = "<group>"; };
		8010D2231C51BDF8000DC8F4 /* MemeTableViewCell.swift */ = {isa = PBXFileReference; fileEncoding = 4; lastKnownFileType = sourcecode.swift; path = MemeTableViewCell.swift; sourceTree = "<group>"; };
		8052CC631BE04FA7003B28D9 /* MemeMe.app */ = {isa = PBXFileReference; explicitFileType = wrapper.application; includeInIndex = 0; path = MemeMe.app; sourceTree = BUILT_PRODUCTS_DIR; };
		8052CC661BE04FA7003B28D9 /* AppDelegate.swift */ = {isa = PBXFileReference; lastKnownFileType = sourcecode.swift; path = AppDelegate.swift; sourceTree = "<group>"; };
		8052CC6B1BE04FA7003B28D9 /* Base */ = {isa = PBXFileReference; lastKnownFileType = file.storyboard; name = Base; path = Base.lproj/Main.storyboard; sourceTree = "<group>"; };
		8052CC6D1BE04FA7003B28D9 /* Assets.xcassets */ = {isa = PBXFileReference; lastKnownFileType = folder.assetcatalog; path = Assets.xcassets; sourceTree = "<group>"; };
		8052CC701BE04FA7003B28D9 /* Base */ = {isa = PBXFileReference; lastKnownFileType = file.storyboard; name = Base; path = Base.lproj/LaunchScreen.storyboard; sourceTree = "<group>"; };
		8052CC721BE04FA7003B28D9 /* Info.plist */ = {isa = PBXFileReference; lastKnownFileType = text.plist.xml; path = Info.plist; sourceTree = "<group>"; };
		8052CC771BE04FA7003B28D9 /* MemeMeTests.xctest */ = {isa = PBXFileReference; explicitFileType = wrapper.cfbundle; includeInIndex = 0; path = MemeMeTests.xctest; sourceTree = BUILT_PRODUCTS_DIR; };
		8052CC7B1BE04FA7003B28D9 /* MemeMeTests.swift */ = {isa = PBXFileReference; lastKnownFileType = sourcecode.swift; path = MemeMeTests.swift; sourceTree = "<group>"; };
		8052CC7D1BE04FA7003B28D9 /* Info.plist */ = {isa = PBXFileReference; lastKnownFileType = text.plist.xml; path = Info.plist; sourceTree = "<group>"; };
		8052CC821BE04FA7003B28D9 /* MemeMeUITests.xctest */ = {isa = PBXFileReference; explicitFileType = wrapper.cfbundle; includeInIndex = 0; path = MemeMeUITests.xctest; sourceTree = BUILT_PRODUCTS_DIR; };
		8052CC861BE04FA7003B28D9 /* MemeMeUITests.swift */ = {isa = PBXFileReference; lastKnownFileType = sourcecode.swift; path = MemeMeUITests.swift; sourceTree = "<group>"; };
		8052CC881BE04FA7003B28D9 /* Info.plist */ = {isa = PBXFileReference; lastKnownFileType = text.plist.xml; path = Info.plist; sourceTree = "<group>"; };
		8052CC941BE0527C003B28D9 /* MainViewController.swift */ = {isa = PBXFileReference; fileEncoding = 4; lastKnownFileType = sourcecode.swift; path = MainViewController.swift; sourceTree = "<group>"; };
		80DCFB701BE4314F00CAE752 /* Meme.swift */ = {isa = PBXFileReference; fileEncoding = 4; lastKnownFileType = sourcecode.swift; path = Meme.swift; sourceTree = "<group>"; };
		80DCFB721BE4387D00CAE752 /* TextDelegate.swift */ = {isa = PBXFileReference; fileEncoding = 4; lastKnownFileType = sourcecode.swift; path = TextDelegate.swift; sourceTree = "<group>"; };
/* End PBXFileReference section */

/* Begin PBXFrameworksBuildPhase section */
		8052CC601BE04FA7003B28D9 /* Frameworks */ = {
			isa = PBXFrameworksBuildPhase;
			buildActionMask = 2147483647;
			files = (
			);
			runOnlyForDeploymentPostprocessing = 0;
		};
		8052CC741BE04FA7003B28D9 /* Frameworks */ = {
			isa = PBXFrameworksBuildPhase;
			buildActionMask = 2147483647;
			files = (
			);
			runOnlyForDeploymentPostprocessing = 0;
		};
		8052CC7F1BE04FA7003B28D9 /* Frameworks */ = {
			isa = PBXFrameworksBuildPhase;
			buildActionMask = 2147483647;
			files = (
			);
			runOnlyForDeploymentPostprocessing = 0;
		};
/* End PBXFrameworksBuildPhase section */

/* Begin PBXGroup section */
		8052CC5A1BE04FA7003B28D9 = {
			isa = PBXGroup;
			children = (
				8052CC651BE04FA7003B28D9 /* MemeMe */,
				8052CC7A1BE04FA7003B28D9 /* MemeMeTests */,
				8052CC851BE04FA7003B28D9 /* MemeMeUITests */,
				8052CC641BE04FA7003B28D9 /* Products */,
			);
			sourceTree = "<group>";
		};
		8052CC641BE04FA7003B28D9 /* Products */ = {
			isa = PBXGroup;
			children = (
				8052CC631BE04FA7003B28D9 /* MemeMe.app */,
				8052CC771BE04FA7003B28D9 /* MemeMeTests.xctest */,
				8052CC821BE04FA7003B28D9 /* MemeMeUITests.xctest */,
			);
			name = Products;
			sourceTree = "<group>";
		};
		8052CC651BE04FA7003B28D9 /* MemeMe */ = {
			isa = PBXGroup;
			children = (
				8052CC941BE0527C003B28D9 /* MainViewController.swift */,
				8052CC661BE04FA7003B28D9 /* AppDelegate.swift */,
				8052CC6A1BE04FA7003B28D9 /* Main.storyboard */,
				8052CC6D1BE04FA7003B28D9 /* Assets.xcassets */,
				8052CC6F1BE04FA7003B28D9 /* LaunchScreen.storyboard */,
				8052CC721BE04FA7003B28D9 /* Info.plist */,
				80DCFB701BE4314F00CAE752 /* Meme.swift */,
				80DCFB721BE4387D00CAE752 /* TextDelegate.swift */,
				8010D21B1C518BCC000DC8F4 /* MemeTableViewController.swift */,
				8010D2231C51BDF8000DC8F4 /* MemeTableViewCell.swift */,
				8010D21D1C518FDE000DC8F4 /* MemeDetailViewController.swift */,
				8010D21F1C519A59000DC8F4 /* MemeCollectionViewController.swift */,
				8010D2211C519A84000DC8F4 /* MemeCollectionViewCell.swift */,
			);
			path = MemeMe;
			sourceTree = "<group>";
		};
		8052CC7A1BE04FA7003B28D9 /* MemeMeTests */ = {
			isa = PBXGroup;
			children = (
				8052CC7B1BE04FA7003B28D9 /* MemeMeTests.swift */,
				8052CC7D1BE04FA7003B28D9 /* Info.plist */,
			);
			path = MemeMeTests;
			sourceTree = "<group>";
		};
		8052CC851BE04FA7003B28D9 /* MemeMeUITests */ = {
			isa = PBXGroup;
			children = (
				8052CC861BE04FA7003B28D9 /* MemeMeUITests.swift */,
				8052CC881BE04FA7003B28D9 /* Info.plist */,
			);
			path = MemeMeUITests;
			sourceTree = "<group>";
		};
/* End PBXGroup section */

/* Begin PBXNativeTarget section */
		8052CC621BE04FA7003B28D9 /* MemeMe */ = {
			isa = PBXNativeTarget;
			buildConfigurationList = 8052CC8B1BE04FA7003B28D9 /* Build configuration list for PBXNativeTarget "MemeMe" */;
			buildPhases = (
				8052CC5F1BE04FA7003B28D9 /* Sources */,
				8052CC601BE04FA7003B28D9 /* Frameworks */,
				8052CC611BE04FA7003B28D9 /* Resources */,
			);
			buildRules = (
			);
			dependencies = (
			);
			name = MemeMe;
			productName = MemeMe;
			productReference = 8052CC631BE04FA7003B28D9 /* MemeMe.app */;
			productType = "com.apple.product-type.application";
		};
		8052CC761BE04FA7003B28D9 /* MemeMeTests */ = {
			isa = PBXNativeTarget;
			buildConfigurationList = 8052CC8E1BE04FA7003B28D9 /* Build configuration list for PBXNativeTarget "MemeMeTests" */;
			buildPhases = (
				8052CC731BE04FA7003B28D9 /* Sources */,
				8052CC741BE04FA7003B28D9 /* Frameworks */,
				8052CC751BE04FA7003B28D9 /* Resources */,
			);
			buildRules = (
			);
			dependencies = (
				8052CC791BE04FA7003B28D9 /* PBXTargetDependency */,
			);
			name = MemeMeTests;
			productName = MemeMeTests;
			productReference = 8052CC771BE04FA7003B28D9 /* MemeMeTests.xctest */;
			productType = "com.apple.product-type.bundle.unit-test";
		};
		8052CC811BE04FA7003B28D9 /* MemeMeUITests */ = {
			isa = PBXNativeTarget;
			buildConfigurationList = 8052CC911BE04FA7003B28D9 /* Build configuration list for PBXNativeTarget "MemeMeUITests" */;
			buildPhases = (
				8052CC7E1BE04FA7003B28D9 /* Sources */,
				8052CC7F1BE04FA7003B28D9 /* Frameworks */,
				8052CC801BE04FA7003B28D9 /* Resources */,
			);
			buildRules = (
			);
			dependencies = (
				8052CC841BE04FA7003B28D9 /* PBXTargetDependency */,
			);
			name = MemeMeUITests;
			productName = MemeMeUITests;
			productReference = 8052CC821BE04FA7003B28D9 /* MemeMeUITests.xctest */;
			productType = "com.apple.product-type.bundle.ui-testing";
		};
/* End PBXNativeTarget section */

/* Begin PBXProject section */
		8052CC5B1BE04FA7003B28D9 /* Project object */ = {
			isa = PBXProject;
			attributes = {
				LastSwiftUpdateCheck = 0710;
				LastUpgradeCheck = 0710;
				ORGANIZATIONNAME = "Guanqun Mao";
				TargetAttributes = {
					8052CC621BE04FA7003B28D9 = {
						CreatedOnToolsVersion = 7.1;
					};
					8052CC761BE04FA7003B28D9 = {
						CreatedOnToolsVersion = 7.1;
						DevelopmentTeam = 7BNTW2JU7P;
						TestTargetID = 8052CC621BE04FA7003B28D9;
					};
					8052CC811BE04FA7003B28D9 = {
						CreatedOnToolsVersion = 7.1;
						DevelopmentTeam = 7BNTW2JU7P;
						TestTargetID = 8052CC621BE04FA7003B28D9;
					};
				};
			};
			buildConfigurationList = 8052CC5E1BE04FA7003B28D9 /* Build configuration list for PBXProject "MemeMe" */;
			compatibilityVersion = "Xcode 3.2";
			developmentRegion = English;
			hasScannedForEncodings = 0;
			knownRegions = (
				en,
				Base,
			);
			mainGroup = 8052CC5A1BE04FA7003B28D9;
			productRefGroup = 8052CC641BE04FA7003B28D9 /* Products */;
			projectDirPath = "";
			projectRoot = "";
			targets = (
				8052CC621BE04FA7003B28D9 /* MemeMe */,
				8052CC761BE04FA7003B28D9 /* MemeMeTests */,
				8052CC811BE04FA7003B28D9 /* MemeMeUITests */,
			);
		};
/* End PBXProject section */

/* Begin PBXResourcesBuildPhase section */
		8052CC611BE04FA7003B28D9 /* Resources */ = {
			isa = PBXResourcesBuildPhase;
			buildActionMask = 2147483647;
			files = (
				8052CC711BE04FA7003B28D9 /* LaunchScreen.storyboard in Resources */,
				8052CC6E1BE04FA7003B28D9 /* Assets.xcassets in Resources */,
				8052CC6C1BE04FA7003B28D9 /* Main.storyboard in Resources */,
			);
			runOnlyForDeploymentPostprocessing = 0;
		};
		8052CC751BE04FA7003B28D9 /* Resources */ = {
			isa = PBXResourcesBuildPhase;
			buildActionMask = 2147483647;
			files = (
			);
			runOnlyForDeploymentPostprocessing = 0;
		};
		8052CC801BE04FA7003B28D9 /* Resources */ = {
			isa = PBXResourcesBuildPhase;
			buildActionMask = 2147483647;
			files = (
			);
			runOnlyForDeploymentPostprocessing = 0;
		};
/* End PBXResourcesBuildPhase section */

/* Begin PBXSourcesBuildPhase section */
		8052CC5F1BE04FA7003B28D9 /* Sources */ = {
			isa = PBXSourcesBuildPhase;
			buildActionMask = 2147483647;
			files = (
				80DCFB711BE4314F00CAE752 /* Meme.swift in Sources */,
				80DCFB731BE4387D00CAE752 /* TextDelegate.swift in Sources */,
				8010D2221C519A84000DC8F4 /* MemeCollectionViewCell.swift in Sources */,
				8052CC671BE04FA7003B28D9 /* AppDelegate.swift in Sources */,
				8010D21E1C518FDE000DC8F4 /* MemeDetailViewController.swift in Sources */,
				8010D2201C519A59000DC8F4 /* MemeCollectionViewController.swift in Sources */,
				8010D2241C51BDF8000DC8F4 /* MemeTableViewCell.swift in Sources */,
				8010D21C1C518BCC000DC8F4 /* MemeTableViewController.swift in Sources */,
				8052CC951BE0527C003B28D9 /* MainViewController.swift in Sources */,
			);
			runOnlyForDeploymentPostprocessing = 0;
		};
		8052CC731BE04FA7003B28D9 /* Sources */ = {
			isa = PBXSourcesBuildPhase;
			buildActionMask = 2147483647;
			files = (
				8052CC7C1BE04FA7003B28D9 /* MemeMeTests.swift in Sources */,
			);
			runOnlyForDeploymentPostprocessing = 0;
		};
		8052CC7E1BE04FA7003B28D9 /* Sources */ = {
			isa = PBXSourcesBuildPhase;
			buildActionMask = 2147483647;
			files = (
				8052CC871BE04FA7003B28D9 /* MemeMeUITests.swift in Sources */,
			);
			runOnlyForDeploymentPostprocessing = 0;
		};
/* End PBXSourcesBuildPhase section */

/* Begin PBXTargetDependency section */
		8052CC791BE04FA7003B28D9 /* PBXTargetDependency */ = {
			isa = PBXTargetDependency;
			target = 8052CC621BE04FA7003B28D9 /* MemeMe */;
			targetProxy = 8052CC781BE04FA7003B28D9 /* PBXContainerItemProxy */;
		};
		8052CC841BE04FA7003B28D9 /* PBXTargetDependency */ = {
			isa = PBXTargetDependency;
			target = 8052CC621BE04FA7003B28D9 /* MemeMe */;
			targetProxy = 8052CC831BE04FA7003B28D9 /* PBXContainerItemProxy */;
		};
/* End PBXTargetDependency section */

/* Begin PBXVariantGroup section */
		8052CC6A1BE04FA7003B28D9 /* Main.storyboard */ = {
			isa = PBXVariantGroup;
			children = (
				8052CC6B1BE04FA7003B28D9 /* Base */,
			);
			name = Main.storyboard;
			sourceTree = "<group>";
		};
		8052CC6F1BE04FA7003B28D9 /* LaunchScreen.storyboard */ = {
			isa = PBXVariantGroup;
			children = (
				8052CC701BE04FA7003B28D9 /* Base */,
			);
			name = LaunchScreen.storyboard;
			sourceTree = "<group>";
		};
/* End PBXVariantGroup section */

/* Begin XCBuildConfiguration section */
		8052CC891BE04FA7003B28D9 /* Debug */ = {
			isa = XCBuildConfiguration;
			buildSettings = {
				ALWAYS_SEARCH_USER_PATHS = NO;
				CLANG_CXX_LANGUAGE_STANDARD = "gnu++0x";
				CLANG_CXX_LIBRARY = "libc++";
				CLANG_ENABLE_MODULES = YES;
				CLANG_ENABLE_OBJC_ARC = YES;
				CLANG_WARN_BOOL_CONVERSION = YES;
				CLANG_WARN_CONSTANT_CONVERSION = YES;
				CLANG_WARN_DIRECT_OBJC_ISA_USAGE = YES_ERROR;
				CLANG_WARN_EMPTY_BODY = YES;
				CLANG_WARN_ENUM_CONVERSION = YES;
				CLANG_WARN_INT_CONVERSION = YES;
				CLANG_WARN_OBJC_ROOT_CLASS = YES_ERROR;
				CLANG_WARN_UNREACHABLE_CODE = YES;
				CLANG_WARN__DUPLICATE_METHOD_MATCH = YES;
				"CODE_SIGN_IDENTITY[sdk=iphoneos*]" = "iPhone Developer";
				COPY_PHASE_STRIP = NO;
				DEBUG_INFORMATION_FORMAT = dwarf;
				ENABLE_STRICT_OBJC_MSGSEND = YES;
				ENABLE_TESTABILITY = YES;
				GCC_C_LANGUAGE_STANDARD = gnu99;
				GCC_DYNAMIC_NO_PIC = NO;
				GCC_NO_COMMON_BLOCKS = YES;
				GCC_OPTIMIZATION_LEVEL = 0;
				GCC_PREPROCESSOR_DEFINITIONS = (
					"DEBUG=1",
					"$(inherited)",
				);
				GCC_WARN_64_TO_32_BIT_CONVERSION = YES;
				GCC_WARN_ABOUT_RETURN_TYPE = YES_ERROR;
				GCC_WARN_UNDECLARED_SELECTOR = YES;
				GCC_WARN_UNINITIALIZED_AUTOS = YES_AGGRESSIVE;
				GCC_WARN_UNUSED_FUNCTION = YES;
				GCC_WARN_UNUSED_VARIABLE = YES;
				IPHONEOS_DEPLOYMENT_TARGET = 9.1;
				MTL_ENABLE_DEBUG_INFO = YES;
				ONLY_ACTIVE_ARCH = YES;
				SDKROOT = iphoneos;
				SWIFT_OPTIMIZATION_LEVEL = "-Onone";
			};
			name = Debug;
		};
		8052CC8A1BE04FA7003B28D9 /* Release */ = {
			isa = XCBuildConfiguration;
			buildSettings = {
				ALWAYS_SEARCH_USER_PATHS = NO;
				CLANG_CXX_LANGUAGE_STANDARD = "gnu++0x";
				CLANG_CXX_LIBRARY = "libc++";
				CLANG_ENABLE_MODULES = YES;
				CLANG_ENABLE_OBJC_ARC = YES;
				CLANG_WARN_BOOL_CONVERSION = YES;
				CLANG_WARN_CONSTANT_CONVERSION = YES;
				CLANG_WARN_DIRECT_OBJC_ISA_USAGE = YES_ERROR;
				CLANG_WARN_EMPTY_BODY = YES;
				CLANG_WARN_ENUM_CONVERSION = YES;
				CLANG_WARN_INT_CONVERSION = YES;
				CLANG_WARN_OBJC_ROOT_CLASS = YES_ERROR;
				CLANG_WARN_UNREACHABLE_CODE = YES;
				CLANG_WARN__DUPLICATE_METHOD_MATCH = YES;
				"CODE_SIGN_IDENTITY[sdk=iphoneos*]" = "iPhone Developer";
				COPY_PHASE_STRIP = NO;
				DEBUG_INFORMATION_FORMAT = "dwarf-with-dsym";
				ENABLE_NS_ASSERTIONS = NO;
				ENABLE_STRICT_OBJC_MSGSEND = YES;
				GCC_C_LANGUAGE_STANDARD = gnu99;
				GCC_NO_COMMON_BLOCKS = YES;
				GCC_WARN_64_TO_32_BIT_CONVERSION = YES;
				GCC_WARN_ABOUT_RETURN_TYPE = YES_ERROR;
				GCC_WARN_UNDECLARED_SELECTOR = YES;
				GCC_WARN_UNINITIALIZED_AUTOS = YES_AGGRESSIVE;
				GCC_WARN_UNUSED_FUNCTION = YES;
				GCC_WARN_UNUSED_VARIABLE = YES;
				IPHONEOS_DEPLOYMENT_TARGET = 9.1;
				MTL_ENABLE_DEBUG_INFO = NO;
				SDKROOT = iphoneos;
				VALIDATE_PRODUCT = YES;
			};
			name = Release;
		};
		8052CC8C1BE04FA7003B28D9 /* Debug */ = {
			isa = XCBuildConfiguration;
			buildSettings = {
				ASSETCATALOG_COMPILER_APPICON_NAME = AppIcon;
				CODE_SIGN_IDENTITY = "iPhone Developer";
				EMBEDDED_CONTENT_CONTAINS_SWIFT = YES;
				INFOPLIST_FILE = MemeMe/Info.plist;
				IPHONEOS_DEPLOYMENT_TARGET = 9.0;
				LD_RUNPATH_SEARCH_PATHS = "$(inherited) @executable_path/Frameworks";
				PRODUCT_BUNDLE_IDENTIFIER = com.yahoo.MemeMe;
				PRODUCT_NAME = "$(TARGET_NAME)";
			};
			name = Debug;
		};
		8052CC8D1BE04FA7003B28D9 /* Release */ = {
			isa = XCBuildConfiguration;
			buildSettings = {
				ASSETCATALOG_COMPILER_APPICON_NAME = AppIcon;
				CODE_SIGN_IDENTITY = "iPhone Developer";
				EMBEDDED_CONTENT_CONTAINS_SWIFT = YES;
				INFOPLIST_FILE = MemeMe/Info.plist;
				IPHONEOS_DEPLOYMENT_TARGET = 9.0;
				LD_RUNPATH_SEARCH_PATHS = "$(inherited) @executable_path/Frameworks";
				PRODUCT_BUNDLE_IDENTIFIER = com.yahoo.MemeMe;
				PRODUCT_NAME = "$(TARGET_NAME)";
			};
			name = Release;
		};
		8052CC8F1BE04FA7003B28D9 /* Debug */ = {
			isa = XCBuildConfiguration;
			buildSettings = {
				BUNDLE_LOADER = "$(TEST_HOST)";
				INFOPLIST_FILE = MemeMeTests/Info.plist;
				LD_RUNPATH_SEARCH_PATHS = "$(inherited) @executable_path/Frameworks @loader_path/Frameworks";
				PRODUCT_BUNDLE_IDENTIFIER = com.yahoo.MemeMeTests;
				PRODUCT_NAME = "$(TARGET_NAME)";
				TEST_HOST = "$(BUILT_PRODUCTS_DIR)/MemeMe.app/MemeMe";
			};
			name = Debug;
		};
		8052CC901BE04FA7003B28D9 /* Release */ = {
			isa = XCBuildConfiguration;
			buildSettings = {
				BUNDLE_LOADER = "$(TEST_HOST)";
				INFOPLIST_FILE = MemeMeTests/Info.plist;
				LD_RUNPATH_SEARCH_PATHS = "$(inherited) @executable_path/Frameworks @loader_path/Frameworks";
				PRODUCT_BUNDLE_IDENTIFIER = com.yahoo.MemeMeTests;
				PRODUCT_NAME = "$(TARGET_NAME)";
				TEST_HOST = "$(BUILT_PRODUCTS_DIR)/MemeMe.app/MemeMe";
			};
			name = Release;
		};
		8052CC921BE04FA7003B28D9 /* Debug */ = {
			isa = XCBuildConfiguration;
			buildSettings = {
				INFOPLIST_FILE = MemeMeUITests/Info.plist;
				LD_RUNPATH_SEARCH_PATHS = "$(inherited) @executable_path/Frameworks @loader_path/Frameworks";
				PRODUCT_BUNDLE_IDENTIFIER = com.yahoo.MemeMeUITests;
				PRODUCT_NAME = "$(TARGET_NAME)";
				TEST_TARGET_NAME = MemeMe;
				USES_XCTRUNNER = YES;
			};
			name = Debug;
		};
		8052CC931BE04FA7003B28D9 /* Release */ = {
			isa = XCBuildConfiguration;
			buildSettings = {
				INFOPLIST_FILE = MemeMeUITests/Info.plist;
				LD_RUNPATH_SEARCH_PATHS = "$(inherited) @executable_path/Frameworks @loader_path/Frameworks";
				PRODUCT_BUNDLE_IDENTIFIER = com.yahoo.MemeMeUITests;
				PRODUCT_NAME = "$(TARGET_NAME)";
				TEST_TARGET_NAME = MemeMe;
				USES_XCTRUNNER = YES;
			};
			name = Release;
		};
/* End XCBuildConfiguration section */

/* Begin XCConfigurationList section */
		8052CC5E1BE04FA7003B28D9 /* Build configuration list for PBXProject "MemeMe" */ = {
			isa = XCConfigurationList;
			buildConfigurations = (
				8052CC891BE04FA7003B28D9 /* Debug */,
				8052CC8A1BE04FA7003B28D9 /* Release */,
			);
			defaultConfigurationIsVisible = 0;
			defaultConfigurationName = Release;
		};
		8052CC8B1BE04FA7003B28D9 /* Build configuration list for PBXNativeTarget "MemeMe" */ = {
			isa = XCConfigurationList;
			buildConfigurations = (
				8052CC8C1BE04FA7003B28D9 /* Debug */,
				8052CC8D1BE04FA7003B28D9 /* Release */,
			);
			defaultConfigurationIsVisible = 0;
			defaultConfigurationName = Release;
		};
		8052CC8E1BE04FA7003B28D9 /* Build configuration list for PBXNativeTarget "MemeMeTests" */ = {
			isa = XCConfigurationList;
			buildConfigurations = (
				8052CC8F1BE04FA7003B28D9 /* Debug */,
				8052CC901BE04FA7003B28D9 /* Release */,
			);
			defaultConfigurationIsVisible = 0;
			defaultConfigurationName = Release;
		};
		8052CC911BE04FA7003B28D9 /* Build configuration list for PBXNativeTarget "MemeMeUITests" */ = {
			isa = XCConfigurationList;
			buildConfigurations = (
				8052CC921BE04FA7003B28D9 /* Debug */,
				8052CC931BE04FA7003B28D9 /* Release */,
			);
			defaultConfigurationIsVisible = 0;
			defaultConfigurationName = Release;
		};
/* End XCConfigurationList section */
	};
	rootObject = 8052CC5B1BE04FA7003B28D9 /* Project object */;
}
